# THIS IS AN AUTOGENERATED FILE. DO NOT EDIT THIS FILE DIRECTLY.
# yarn lockfile v1


"@types/uuid@^7.0.0":
  version "7.0.0"
  resolved "https://registry.yarnpkg.com/@types/uuid/-/uuid-7.0.0.tgz#9f6993ccc8210efa90bda7e1afabbb06a9f860cd"
  integrity sha512-RiX1I0lK9WFLFqy2xOxke396f0wKIzk5sAll0tL4J4XDYJXURI7JOs96XQb3nP+2gEpQ/LutBb66jgiT5oQshQ==
